// !$*UTF8*$!
{
	archiveVersion = 1;
	classes = {
	};
	objectVersion = 46;
	objects = {

/* Begin PBXBuildFile section */
		697B415F1F2A044F007DFF61 /* AppDelegate.swift in Sources */ = {isa = PBXBuildFile; fileRef = 697B415E1F2A044F007DFF61 /* AppDelegate.swift */; };
		697B41611F2A044F007DFF61 /* ViewController.swift in Sources */ = {isa = PBXBuildFile; fileRef = 697B41601F2A044F007DFF61 /* ViewController.swift */; };
		697B41641F2A044F007DFF61 /* Main.storyboard in Resources */ = {isa = PBXBuildFile; fileRef = 697B41621F2A044F007DFF61 /* Main.storyboard */; };
		697B41671F2A044F007DFF61 /* comets.xcdatamodeld in Sources */ = {isa = PBXBuildFile; fileRef = 697B41651F2A044F007DFF61 /* comets.xcdatamodeld */; };
		697B41691F2A044F007DFF61 /* Assets.xcassets in Resources */ = {isa = PBXBuildFile; fileRef = 697B41681F2A044F007DFF61 /* Assets.xcassets */; };
		697B416C1F2A044F007DFF61 /* LaunchScreen.storyboard in Resources */ = {isa = PBXBuildFile; fileRef = 697B416A1F2A044F007DFF61 /* LaunchScreen.storyboard */; };
		697B41771F2A044F007DFF61 /* cometsTests.swift in Sources */ = {isa = PBXBuildFile; fileRef = 697B41761F2A044F007DFF61 /* cometsTests.swift */; };
		697B41821F2A044F007DFF61 /* cometsUITests.swift in Sources */ = {isa = PBXBuildFile; fileRef = 697B41811F2A044F007DFF61 /* cometsUITests.swift */; };
/* End PBXBuildFile section */

/* Begin PBXContainerItemProxy section */
		697B41731F2A044F007DFF61 /* PBXContainerItemProxy */ = {
			isa = PBXContainerItemProxy;
			containerPortal = 697B41531F2A044F007DFF61 /* Project object */;
			proxyType = 1;
			remoteGlobalIDString = 697B415A1F2A044F007DFF61;
			remoteInfo = comets;
		};
		697B417E1F2A044F007DFF61 /* PBXContainerItemProxy */ = {
			isa = PBXContainerItemProxy;
			containerPortal = 697B41531F2A044F007DFF61 /* Project object */;
			proxyType = 1;
			remoteGlobalIDString = 697B415A1F2A044F007DFF61;
			remoteInfo = comets;
		};
/* End PBXContainerItemProxy section */

/* Begin PBXFileReference section */
		697B415B1F2A044F007DFF61 /* comets.app */ = {isa = PBXFileReference; explicitFileType = wrapper.application; includeInIndex = 0; path = comets.app; sourceTree = BUILT_PRODUCTS_DIR; };
		697B415E1F2A044F007DFF61 /* AppDelegate.swift */ = {isa = PBXFileReference; lastKnownFileType = sourcecode.swift; path = AppDelegate.swift; sourceTree = "<group>"; };
		697B41601F2A044F007DFF61 /* ViewController.swift */ = {isa = PBXFileReference; lastKnownFileType = sourcecode.swift; path = ViewController.swift; sourceTree = "<group>"; };
		697B41631F2A044F007DFF61 /* Base */ = {isa = PBXFileReference; lastKnownFileType = file.storyboard; name = Base; path = Base.lproj/Main.storyboard; sourceTree = "<group>"; };
		697B41661F2A044F007DFF61 /* comets.xcdatamodel */ = {isa = PBXFileReference; lastKnownFileType = wrapper.xcdatamodel; path = comets.xcdatamodel; sourceTree = "<group>"; };
		697B41681F2A044F007DFF61 /* Assets.xcassets */ = {isa = PBXFileReference; lastKnownFileType = folder.assetcatalog; path = Assets.xcassets; sourceTree = "<group>"; };
		697B416B1F2A044F007DFF61 /* Base */ = {isa = PBXFileReference; lastKnownFileType = file.storyboard; name = Base; path = Base.lproj/LaunchScreen.storyboard; sourceTree = "<group>"; };
		697B416D1F2A044F007DFF61 /* Info.plist */ = {isa = PBXFileReference; lastKnownFileType = text.plist.xml; path = Info.plist; sourceTree = "<group>"; };
		697B41721F2A044F007DFF61 /* cometsTests.xctest */ = {isa = PBXFileReference; explicitFileType = wrapper.cfbundle; includeInIndex = 0; path = cometsTests.xctest; sourceTree = BUILT_PRODUCTS_DIR; };
		697B41761F2A044F007DFF61 /* cometsTests.swift */ = {isa = PBXFileReference; lastKnownFileType = sourcecode.swift; path = cometsTests.swift; sourceTree = "<group>"; };
		697B41781F2A044F007DFF61 /* Info.plist */ = {isa = PBXFileReference; lastKnownFileType = text.plist.xml; path = Info.plist; sourceTree = "<group>"; };
		697B417D1F2A044F007DFF61 /* cometsUITests.xctest */ = {isa = PBXFileReference; explicitFileType = wrapper.cfbundle; includeInIndex = 0; path = cometsUITests.xctest; sourceTree = BUILT_PRODUCTS_DIR; };
		697B41811F2A044F007DFF61 /* cometsUITests.swift */ = {isa = PBXFileReference; lastKnownFileType = sourcecode.swift; path = cometsUITests.swift; sourceTree = "<group>"; };
		697B41831F2A044F007DFF61 /* Info.plist */ = {isa = PBXFileReference; lastKnownFileType = text.plist.xml; path = Info.plist; sourceTree = "<group>"; };
/* End PBXFileReference section */

/* Begin PBXFrameworksBuildPhase section */
		697B41581F2A044F007DFF61 /* Frameworks */ = {
			isa = PBXFrameworksBuildPhase;
			buildActionMask = 2147483647;
			files = (
			);
			runOnlyForDeploymentPostprocessing = 0;
		};
		697B416F1F2A044F007DFF61 /* Frameworks */ = {
			isa = PBXFrameworksBuildPhase;
			buildActionMask = 2147483647;
			files = (
			);
			runOnlyForDeploymentPostprocessing = 0;
		};
		697B417A1F2A044F007DFF61 /* Frameworks */ = {
			isa = PBXFrameworksBuildPhase;
			buildActionMask = 2147483647;
			files = (
			);
			runOnlyForDeploymentPostprocessing = 0;
		};
/* End PBXFrameworksBuildPhase section */

/* Begin PBXGroup section */
		697B41521F2A044F007DFF61 = {
			isa = PBXGroup;
			children = (
				697B415D1F2A044F007DFF61 /* comets */,
				697B41751F2A044F007DFF61 /* cometsTests */,
				697B41801F2A044F007DFF61 /* cometsUITests */,
				697B415C1F2A044F007DFF61 /* Products */,
			);
			sourceTree = "<group>";
		};
		697B415C1F2A044F007DFF61 /* Products */ = {
			isa = PBXGroup;
			children = (
				697B415B1F2A044F007DFF61 /* comets.app */,
				697B41721F2A044F007DFF61 /* cometsTests.xctest */,
				697B417D1F2A044F007DFF61 /* cometsUITests.xctest */,
			);
			name = Products;
			sourceTree = "<group>";
		};
		697B415D1F2A044F007DFF61 /* comets */ = {
			isa = PBXGroup;
			children = (
				697B415E1F2A044F007DFF61 /* AppDelegate.swift */,
				697B41601F2A044F007DFF61 /* ViewController.swift */,
				697B41621F2A044F007DFF61 /* Main.storyboard */,
				697B41681F2A044F007DFF61 /* Assets.xcassets */,
				697B416A1F2A044F007DFF61 /* LaunchScreen.storyboard */,
				697B416D1F2A044F007DFF61 /* Info.plist */,
				697B41651F2A044F007DFF61 /* comets.xcdatamodeld */,
			);
			path = comets;
			sourceTree = "<group>";
		};
		697B41751F2A044F007DFF61 /* cometsTests */ = {
			isa = PBXGroup;
			children = (
				697B41761F2A044F007DFF61 /* cometsTests.swift */,
				697B41781F2A044F007DFF61 /* Info.plist */,
			);
			path = cometsTests;
			sourceTree = "<group>";
		};
		697B41801F2A044F007DFF61 /* cometsUITests */ = {
			isa = PBXGroup;
			children = (
				697B41811F2A044F007DFF61 /* cometsUITests.swift */,
				697B41831F2A044F007DFF61 /* Info.plist */,
			);
			path = cometsUITests;
			sourceTree = "<group>";
		};
/* End PBXGroup section */

/* Begin PBXNativeTarget section */
		697B415A1F2A044F007DFF61 /* comets */ = {
			isa = PBXNativeTarget;
			buildConfigurationList = 697B41861F2A044F007DFF61 /* Build configuration list for PBXNativeTarget "comets" */;
			buildPhases = (
				697B41571F2A044F007DFF61 /* Sources */,
				697B41581F2A044F007DFF61 /* Frameworks */,
				697B41591F2A044F007DFF61 /* Resources */,
			);
			buildRules = (
			);
			dependencies = (
			);
			name = comets;
			productName = comets;
			productReference = 697B415B1F2A044F007DFF61 /* comets.app */;
			productType = "com.apple.product-type.application";
		};
		697B41711F2A044F007DFF61 /* cometsTests */ = {
			isa = PBXNativeTarget;
			buildConfigurationList = 697B41891F2A044F007DFF61 /* Build configuration list for PBXNativeTarget "cometsTests" */;
			buildPhases = (
				697B416E1F2A044F007DFF61 /* Sources */,
				697B416F1F2A044F007DFF61 /* Frameworks */,
				697B41701F2A044F007DFF61 /* Resources */,
			);
			buildRules = (
			);
			dependencies = (
				697B41741F2A044F007DFF61 /* PBXTargetDependency */,
			);
			name = cometsTests;
			productName = cometsTests;
			productReference = 697B41721F2A044F007DFF61 /* cometsTests.xctest */;
			productType = "com.apple.product-type.bundle.unit-test";
		};
		697B417C1F2A044F007DFF61 /* cometsUITests */ = {
			isa = PBXNativeTarget;
			buildConfigurationList = 697B418C1F2A044F007DFF61 /* Build configuration list for PBXNativeTarget "cometsUITests" */;
			buildPhases = (
				697B41791F2A044F007DFF61 /* Sources */,
				697B417A1F2A044F007DFF61 /* Frameworks */,
				697B417B1F2A044F007DFF61 /* Resources */,
			);
			buildRules = (
			);
			dependencies = (
				697B417F1F2A044F007DFF61 /* PBXTargetDependency */,
			);
			name = cometsUITests;
			productName = cometsUITests;
			productReference = 697B417D1F2A044F007DFF61 /* cometsUITests.xctest */;
			productType = "com.apple.product-type.bundle.ui-testing";
		};
/* End PBXNativeTarget section */

/* Begin PBXProject section */
		697B41531F2A044F007DFF61 /* Project object */ = {
			isa = PBXProject;
			attributes = {
				LastSwiftUpdateCheck = 0830;
				LastUpgradeCheck = 0830;
				ORGANIZATIONNAME = "MN MobileDevelopers";
				TargetAttributes = {
					697B415A1F2A044F007DFF61 = {
						CreatedOnToolsVersion = 8.3.2;
						DevelopmentTeam = QRJ893TJ32;
						ProvisioningStyle = Automatic;
					};
					697B41711F2A044F007DFF61 = {
						CreatedOnToolsVersion = 8.3.2;
						DevelopmentTeam = QRJ893TJ32;
						ProvisioningStyle = Automatic;
						TestTargetID = 697B415A1F2A044F007DFF61;
					};
					697B417C1F2A044F007DFF61 = {
						CreatedOnToolsVersion = 8.3.2;
						DevelopmentTeam = QRJ893TJ32;
						ProvisioningStyle = Automatic;
						TestTargetID = 697B415A1F2A044F007DFF61;
					};
				};
			};
			buildConfigurationList = 697B41561F2A044F007DFF61 /* Build configuration list for PBXProject "comets" */;
			compatibilityVersion = "Xcode 3.2";
			developmentRegion = English;
			hasScannedForEncodings = 0;
			knownRegions = (
				en,
				Base,
			);
			mainGroup = 697B41521F2A044F007DFF61;
			productRefGroup = 697B415C1F2A044F007DFF61 /* Products */;
			projectDirPath = "";
			projectRoot = "";
			targets = (
				697B415A1F2A044F007DFF61 /* comets */,
				697B41711F2A044F007DFF61 /* cometsTests */,
				697B417C1F2A044F007DFF61 /* cometsUITests */,
			);
		};
/* End PBXProject section */

/* Begin PBXResourcesBuildPhase section */
		697B41591F2A044F007DFF61 /* Resources */ = {
			isa = PBXResourcesBuildPhase;
			buildActionMask = 2147483647;
			files = (
				697B416C1F2A044F007DFF61 /* LaunchScreen.storyboard in Resources */,
				697B41691F2A044F007DFF61 /* Assets.xcassets in Resources */,
				697B41641F2A044F007DFF61 /* Main.storyboard in Resources */,
			);
			runOnlyForDeploymentPostprocessing = 0;
		};
		697B41701F2A044F007DFF61 /* Resources */ = {
			isa = PBXResourcesBuildPhase;
			buildActionMask = 2147483647;
			files = (
			);
			runOnlyForDeploymentPostprocessing = 0;
		};
		697B417B1F2A044F007DFF61 /* Resources */ = {
			isa = PBXResourcesBuildPhase;
			buildActionMask = 2147483647;
			files = (
			);
			runOnlyForDeploymentPostprocessing = 0;
		};
/* End PBXResourcesBuildPhase section */

/* Begin PBXSourcesBuildPhase section */
		697B41571F2A044F007DFF61 /* Sources */ = {
			isa = PBXSourcesBuildPhase;
			buildActionMask = 2147483647;
			files = (
				697B41611F2A044F007DFF61 /* ViewController.swift in Sources */,
				697B415F1F2A044F007DFF61 /* AppDelegate.swift in Sources */,
				697B41671F2A044F007DFF61 /* comets.xcdatamodeld in Sources */,
			);
			runOnlyForDeploymentPostprocessing = 0;
		};
		697B416E1F2A044F007DFF61 /* Sources */ = {
			isa = PBXSourcesBuildPhase;
			buildActionMask = 2147483647;
			files = (
				697B41771F2A044F007DFF61 /* cometsTests.swift in Sources */,
			);
			runOnlyForDeploymentPostprocessing = 0;
		};
		697B41791F2A044F007DFF61 /* Sources */ = {
			isa = PBXSourcesBuildPhase;
			buildActionMask = 2147483647;
			files = (
				697B41821F2A044F007DFF61 /* cometsUITests.swift in Sources */,
			);
			runOnlyForDeploymentPostprocessing = 0;
		};
/* End PBXSourcesBuildPhase section */

/* Begin PBXTargetDependency section */
		697B41741F2A044F007DFF61 /* PBXTargetDependency */ = {
			isa = PBXTargetDependency;
			target = 697B415A1F2A044F007DFF61 /* comets */;
			targetProxy = 697B41731F2A044F007DFF61 /* PBXContainerItemProxy */;
		};
		697B417F1F2A044F007DFF61 /* PBXTargetDependency */ = {
			isa = PBXTargetDependency;
			target = 697B415A1F2A044F007DFF61 /* comets */;
			targetProxy = 697B417E1F2A044F007DFF61 /* PBXContainerItemProxy */;
		};
/* End PBXTargetDependency section */

/* Begin PBXVariantGroup section */
		697B41621F2A044F007DFF61 /* Main.storyboard */ = {
			isa = PBXVariantGroup;
			children = (
				697B41631F2A044F007DFF61 /* Base */,
			);
			name = Main.storyboard;
			sourceTree = "<group>";
		};
		697B416A1F2A044F007DFF61 /* LaunchScreen.storyboard */ = {
			isa = PBXVariantGroup;
			children = (
				697B416B1F2A044F007DFF61 /* Base */,
			);
			name = LaunchScreen.storyboard;
			sourceTree = "<group>";
		};
/* End PBXVariantGroup section */

/* Begin XCBuildConfiguration section */
		697B41841F2A044F007DFF61 /* Debug */ = {
			isa = XCBuildConfiguration;
			buildSettings = {
				ALWAYS_SEARCH_USER_PATHS = NO;
				CLANG_ANALYZER_NONNULL = YES;
				CLANG_ANALYZER_NUMBER_OBJECT_CONVERSION = YES_AGGRESSIVE;
				CLANG_CXX_LANGUAGE_STANDARD = "gnu++0x";
				CLANG_CXX_LIBRARY = "libc++";
				CLANG_ENABLE_MODULES = YES;
				CLANG_ENABLE_OBJC_ARC = YES;
				CLANG_WARN_BOOL_CONVERSION = YES;
				CLANG_WARN_CONSTANT_CONVERSION = YES;
				CLANG_WARN_DIRECT_OBJC_ISA_USAGE = YES_ERROR;
				CLANG_WARN_DOCUMENTATION_COMMENTS = YES;
				CLANG_WARN_EMPTY_BODY = YES;
				CLANG_WARN_ENUM_CONVERSION = YES;
				CLANG_WARN_INFINITE_RECURSION = YES;
				CLANG_WARN_INT_CONVERSION = YES;
				CLANG_WARN_OBJC_ROOT_CLASS = YES_ERROR;
				CLANG_WARN_SUSPICIOUS_MOVE = YES;
				CLANG_WARN_UNREACHABLE_CODE = YES;
				CLANG_WARN__DUPLICATE_METHOD_MATCH = YES;
				"CODE_SIGN_IDENTITY[sdk=iphoneos*]" = "iPhone Developer";
				COPY_PHASE_STRIP = NO;
				DEBUG_INFORMATION_FORMAT = dwarf;
				ENABLE_STRICT_OBJC_MSGSEND = YES;
				ENABLE_TESTABILITY = YES;
				GCC_C_LANGUAGE_STANDARD = gnu99;
				GCC_DYNAMIC_NO_PIC = NO;
				GCC_NO_COMMON_BLOCKS = YES;
				GCC_OPTIMIZATION_LEVEL = 0;
				GCC_PREPROCESSOR_DEFINITIONS = (
					"DEBUG=1",
					"$(inherited)",
				);
				GCC_WARN_64_TO_32_BIT_CONVERSION = YES;
				GCC_WARN_ABOUT_RETURN_TYPE = YES_ERROR;
				GCC_WARN_UNDECLARED_SELECTOR = YES;
				GCC_WARN_UNINITIALIZED_AUTOS = YES_AGGRESSIVE;
				GCC_WARN_UNUSED_FUNCTION = YES;
				GCC_WARN_UNUSED_VARIABLE = YES;
				IPHONEOS_DEPLOYMENT_TARGET = 10.3;
				MTL_ENABLE_DEBUG_INFO = YES;
				ONLY_ACTIVE_ARCH = YES;
				SDKROOT = iphoneos;
				SWIFT_ACTIVE_COMPILATION_CONDITIONS = DEBUG;
				SWIFT_OPTIMIZATION_LEVEL = "-Onone";
				TARGETED_DEVICE_FAMILY = "1,2";
			};
			name = Debug;
		};
		697B41851F2A044F007DFF61 /* Release */ = {
			isa = XCBuildConfiguration;
			buildSettings = {
				ALWAYS_SEARCH_USER_PATHS = NO;
				CLANG_ANALYZER_NONNULL = YES;
				CLANG_ANALYZER_NUMBER_OBJECT_CONVERSION = YES_AGGRESSIVE;
				CLANG_CXX_LANGUAGE_STANDARD = "gnu++0x";
				CLANG_CXX_LIBRARY = "libc++";
				CLANG_ENABLE_MODULES = YES;
				CLANG_ENABLE_OBJC_ARC = YES;
				CLANG_WARN_BOOL_CONVERSION = YES;
				CLANG_WARN_CONSTANT_CONVERSION = YES;
				CLANG_WARN_DIRECT_OBJC_ISA_USAGE = YES_ERROR;
				CLANG_WARN_DOCUMENTATION_COMMENTS = YES;
				CLANG_WARN_EMPTY_BODY = YES;
				CLANG_WARN_ENUM_CONVERSION = YES;
				CLANG_WARN_INFINITE_RECURSION = YES;
				CLANG_WARN_INT_CONVERSION = YES;
				CLANG_WARN_OBJC_ROOT_CLASS = YES_ERROR;
				CLANG_WARN_SUSPICIOUS_MOVE = YES;
				CLANG_WARN_UNREACHABLE_CODE = YES;
				CLANG_WARN__DUPLICATE_METHOD_MATCH = YES;
				"CODE_SIGN_IDENTITY[sdk=iphoneos*]" = "iPhone Developer";
				COPY_PHASE_STRIP = NO;
				DEBUG_INFORMATION_FORMAT = "dwarf-with-dsym";
				ENABLE_NS_ASSERTIONS = NO;
				ENABLE_STRICT_OBJC_MSGSEND = YES;
				GCC_C_LANGUAGE_STANDARD = gnu99;
				GCC_NO_COMMON_BLOCKS = YES;
				GCC_WARN_64_TO_32_BIT_CONVERSION = YES;
				GCC_WARN_ABOUT_RETURN_TYPE = YES_ERROR;
				GCC_WARN_UNDECLARED_SELECTOR = YES;
				GCC_WARN_UNINITIALIZED_AUTOS = YES_AGGRESSIVE;
				GCC_WARN_UNUSED_FUNCTION = YES;
				GCC_WARN_UNUSED_VARIABLE = YES;
				IPHONEOS_DEPLOYMENT_TARGET = 10.3;
				MTL_ENABLE_DEBUG_INFO = NO;
				SDKROOT = iphoneos;
				SWIFT_OPTIMIZATION_LEVEL = "-Owholemodule";
				TARGETED_DEVICE_FAMILY = "1,2";
				VALIDATE_PRODUCT = YES;
			};
			name = Release;
		};
		697B41871F2A044F007DFF61 /* Debug */ = {
			isa = XCBuildConfiguration;
			buildSettings = {
				ASSETCATALOG_COMPILER_APPICON_NAME = AppIcon;
				DEVELOPMENT_TEAM = QRJ893TJ32;
				INFOPLIST_FILE = comets/Info.plist;
				LD_RUNPATH_SEARCH_PATHS = "$(inherited) @executable_path/Frameworks";
				PRODUCT_BUNDLE_IDENTIFIER = com.arianeoliveiraclarke.comets;
				PRODUCT_NAME = "$(TARGET_NAME)";
				SWIFT_VERSION = 3.0;
			};
			name = Debug;
		};
		697B41881F2A044F007DFF61 /* Release */ = {
			isa = XCBuildConfiguration;
			buildSettings = {
				ASSETCATALOG_COMPILER_APPICON_NAME = AppIcon;
				DEVELOPMENT_TEAM = QRJ893TJ32;
				INFOPLIST_FILE = comets/Info.plist;
				LD_RUNPATH_SEARCH_PATHS = "$(inherited) @executable_path/Frameworks";
				PRODUCT_BUNDLE_IDENTIFIER = com.arianeoliveiraclarke.comets;
				PRODUCT_NAME = "$(TARGET_NAME)";
				SWIFT_VERSION = 3.0;
			};
			name = Release;
		};
		697B418A1F2A044F007DFF61 /* Debug */ = {
			isa = XCBuildConfiguration;
			buildSettings = {
				ALWAYS_EMBED_SWIFT_STANDARD_LIBRARIES = YES;
				BUNDLE_LOADER = "$(TEST_HOST)";
				DEVELOPMENT_TEAM = QRJ893TJ32;
				INFOPLIST_FILE = cometsTests/Info.plist;
				LD_RUNPATH_SEARCH_PATHS = "$(inherited) @executable_path/Frameworks @loader_path/Frameworks";
				PRODUCT_BUNDLE_IDENTIFIER = com.arianeoliveiraclarke.cometsTests;
				PRODUCT_NAME = "$(TARGET_NAME)";
				SWIFT_VERSION = 3.0;
				TEST_HOST = "$(BUILT_PRODUCTS_DIR)/comets.app/comets";
			};
			name = Debug;
		};
		697B418B1F2A044F007DFF61 /* Release */ = {
			isa = XCBuildConfiguration;
			buildSettings = {
				ALWAYS_EMBED_SWIFT_STANDARD_LIBRARIES = YES;
				BUNDLE_LOADER = "$(TEST_HOST)";
				DEVELOPMENT_TEAM = QRJ893TJ32;
				INFOPLIST_FILE = cometsTests/Info.plist;
				LD_RUNPATH_SEARCH_PATHS = "$(inherited) @executable_path/Frameworks @loader_path/Frameworks";
				PRODUCT_BUNDLE_IDENTIFIER = com.arianeoliveiraclarke.cometsTests;
				PRODUCT_NAME = "$(TARGET_NAME)";
				SWIFT_VERSION = 3.0;
				TEST_HOST = "$(BUILT_PRODUCTS_DIR)/comets.app/comets";
			};
			name = Release;
		};
		697B418D1F2A044F007DFF61 /* Debug */ = {
			isa = XCBuildConfiguration;
			buildSettings = {
				ALWAYS_EMBED_SWIFT_STANDARD_LIBRARIES = YES;
				DEVELOPMENT_TEAM = QRJ893TJ32;
				INFOPLIST_FILE = cometsUITests/Info.plist;
				LD_RUNPATH_SEARCH_PATHS = "$(inherited) @executable_path/Frameworks @loader_path/Frameworks";
				PRODUCT_BUNDLE_IDENTIFIER = com.arianeoliveiraclarke.cometsUITests;
				PRODUCT_NAME = "$(TARGET_NAME)";
				SWIFT_VERSION = 3.0;
				TEST_TARGET_NAME = comets;
			};
			name = Debug;
		};
		697B418E1F2A044F007DFF61 /* Release */ = {
			isa = XCBuildConfiguration;
			buildSettings = {
				ALWAYS_EMBED_SWIFT_STANDARD_LIBRARIES = YES;
				DEVELOPMENT_TEAM = QRJ893TJ32;
				INFOPLIST_FILE = cometsUITests/Info.plist;
				LD_RUNPATH_SEARCH_PATHS = "$(inherited) @executable_path/Frameworks @loader_path/Frameworks";
				PRODUCT_BUNDLE_IDENTIFIER = com.arianeoliveiraclarke.cometsUITests;
				PRODUCT_NAME = "$(TARGET_NAME)";
				SWIFT_VERSION = 3.0;
				TEST_TARGET_NAME = comets;
			};
			name = Release;
		};
/* End XCBuildConfiguration section */

/* Begin XCConfigurationList section */
		697B41561F2A044F007DFF61 /* Build configuration list for PBXProject "comets" */ = {
			isa = XCConfigurationList;
			buildConfigurations = (
				697B41841F2A044F007DFF61 /* Debug */,
				697B41851F2A044F007DFF61 /* Release */,
			);
			defaultConfigurationIsVisible = 0;
			defaultConfigurationName = Release;
		};
		697B41861F2A044F007DFF61 /* Build configuration list for PBXNativeTarget "comets" */ = {
			isa = XCConfigurationList;
			buildConfigurations = (
				697B41871F2A044F007DFF61 /* Debug */,
				697B41881F2A044F007DFF61 /* Release */,
			);
			defaultConfigurationIsVisible = 0;
		};
		697B41891F2A044F007DFF61 /* Build configuration list for PBXNativeTarget "cometsTests" */ = {
			isa = XCConfigurationList;
			buildConfigurations = (
				697B418A1F2A044F007DFF61 /* Debug */,
				697B418B1F2A044F007DFF61 /* Release */,
			);
			defaultConfigurationIsVisible = 0;
		};
		697B418C1F2A044F007DFF61 /* Build configuration list for PBXNativeTarget "cometsUITests" */ = {
			isa = XCConfigurationList;
			buildConfigurations = (
				697B418D1F2A044F007DFF61 /* Debug */,
				697B418E1F2A044F007DFF61 /* Release */,
			);
			defaultConfigurationIsVisible = 0;
		};
/* End XCConfigurationList section */

/* Begin XCVersionGroup section */
		697B41651F2A044F007DFF61 /* comets.xcdatamodeld */ = {
			isa = XCVersionGroup;
			children = (
				697B41661F2A044F007DFF61 /* comets.xcdatamodel */,
			);
			currentVersion = 697B41661F2A044F007DFF61 /* comets.xcdatamodel */;
			path = comets.xcdatamodeld;
			sourceTree = "<group>";
			versionGroupType = wrapper.xcdatamodel;
		};
/* End XCVersionGroup section */
	};
	rootObject = 697B41531F2A044F007DFF61 /* Project object */;
}
